// !$*UTF8*$!
{
	archiveVersion = 1;
	classes = {
	};
	objectVersion = 55;
	objects = {

/* Begin PBXBuildFile section */
		0E3E4EC059E5CA04F9347C61 /* Pods_Flixir.framework in Frameworks */ = {isa = PBXBuildFile; fileRef = FD79125B907D887047605B98 /* Pods_Flixir.framework */; };
		1D2A89F628D4DC4B00555BA5 /* MovieCell.swift in Sources */ = {isa = PBXBuildFile; fileRef = 1D2A89F528D4DC4A00555BA5 /* MovieCell.swift */; };
		1D777E5A28DA6EB100066937 /* MovieDetailsViewController.swift in Sources */ = {isa = PBXBuildFile; fileRef = 1D777E5928DA6EB100066937 /* MovieDetailsViewController.swift */; };
		1D777E5C28DAC11300066937 /* MovieGridViewController.swift in Sources */ = {isa = PBXBuildFile; fileRef = 1D777E5B28DAC11300066937 /* MovieGridViewController.swift */; };
		1D777E5E28DB820600066937 /* MovieGridCell.swift in Sources */ = {isa = PBXBuildFile; fileRef = 1D777E5D28DB820600066937 /* MovieGridCell.swift */; };
		1DC38E9D28D23F930061299E /* AppDelegate.swift in Sources */ = {isa = PBXBuildFile; fileRef = 1DC38E9C28D23F930061299E /* AppDelegate.swift */; };
		1DC38E9F28D23F930061299E /* SceneDelegate.swift in Sources */ = {isa = PBXBuildFile; fileRef = 1DC38E9E28D23F930061299E /* SceneDelegate.swift */; };
		1DC38EA128D23F930061299E /* MovieViewerController.swift in Sources */ = {isa = PBXBuildFile; fileRef = 1DC38EA028D23F930061299E /* MovieViewerController.swift */; };
		1DC38EA428D23F930061299E /* Main.storyboard in Resources */ = {isa = PBXBuildFile; fileRef = 1DC38EA228D23F930061299E /* Main.storyboard */; };
		1DC38EA628D23F940061299E /* Assets.xcassets in Resources */ = {isa = PBXBuildFile; fileRef = 1DC38EA528D23F940061299E /* Assets.xcassets */; };
		1DC38EA928D23F940061299E /* LaunchScreen.storyboard in Resources */ = {isa = PBXBuildFile; fileRef = 1DC38EA728D23F940061299E /* LaunchScreen.storyboard */; };
		1DC38EB428D23F950061299E /* FlixirTests.swift in Sources */ = {isa = PBXBuildFile; fileRef = 1DC38EB328D23F950061299E /* FlixirTests.swift */; };
		1DC38EBE28D23F950061299E /* FlixirUITests.swift in Sources */ = {isa = PBXBuildFile; fileRef = 1DC38EBD28D23F950061299E /* FlixirUITests.swift */; };
		1DC38EC028D23F950061299E /* FlixirUITestsLaunchTests.swift in Sources */ = {isa = PBXBuildFile; fileRef = 1DC38EBF28D23F950061299E /* FlixirUITestsLaunchTests.swift */; };
		1DC38ED028D283AC0061299E /* AlamofireImage in Frameworks */ = {isa = PBXBuildFile; productRef = 1DC38ECF28D283AC0061299E /* AlamofireImage */; };
		DE2827C0BAA3923048317668 /* Pods_FlixirUITests.framework in Frameworks */ = {isa = PBXBuildFile; fileRef = 58EE823876F9AD3C5B59CB4F /* Pods_FlixirUITests.framework */; };
		EF6B5DECB63D47B49670FD4C /* Pods_FlixirTests.framework in Frameworks */ = {isa = PBXBuildFile; fileRef = A868FB0CC6662DDDD70D8FBD /* Pods_FlixirTests.framework */; };
/* End PBXBuildFile section */

/* Begin PBXContainerItemProxy section */
		1DC38EB028D23F950061299E /* PBXContainerItemProxy */ = {
			isa = PBXContainerItemProxy;
			containerPortal = 1DC38E9128D23F930061299E /* Project object */;
			proxyType = 1;
			remoteGlobalIDString = 1DC38E9828D23F930061299E;
			remoteInfo = Flixir;
		};
		1DC38EBA28D23F950061299E /* PBXContainerItemProxy */ = {
			isa = PBXContainerItemProxy;
			containerPortal = 1DC38E9128D23F930061299E /* Project object */;
			proxyType = 1;
			remoteGlobalIDString = 1DC38E9828D23F930061299E;
			remoteInfo = Flixir;
		};
/* End PBXContainerItemProxy section */

/* Begin PBXFileReference section */
		1D2A89F528D4DC4A00555BA5 /* MovieCell.swift */ = {isa = PBXFileReference; lastKnownFileType = sourcecode.swift; path = MovieCell.swift; sourceTree = "<group>"; };
		1D777E5928DA6EB100066937 /* MovieDetailsViewController.swift */ = {isa = PBXFileReference; lastKnownFileType = sourcecode.swift; path = MovieDetailsViewController.swift; sourceTree = "<group>"; };
		1D777E5B28DAC11300066937 /* MovieGridViewController.swift */ = {isa = PBXFileReference; lastKnownFileType = sourcecode.swift; path = MovieGridViewController.swift; sourceTree = "<group>"; };
		1D777E5D28DB820600066937 /* MovieGridCell.swift */ = {isa = PBXFileReference; lastKnownFileType = sourcecode.swift; path = MovieGridCell.swift; sourceTree = "<group>"; };
		1DC38E9928D23F930061299E /* Flixir.app */ = {isa = PBXFileReference; explicitFileType = wrapper.application; includeInIndex = 0; path = Flixir.app; sourceTree = BUILT_PRODUCTS_DIR; };
		1DC38E9C28D23F930061299E /* AppDelegate.swift */ = {isa = PBXFileReference; lastKnownFileType = sourcecode.swift; path = AppDelegate.swift; sourceTree = "<group>"; };
		1DC38E9E28D23F930061299E /* SceneDelegate.swift */ = {isa = PBXFileReference; lastKnownFileType = sourcecode.swift; path = SceneDelegate.swift; sourceTree = "<group>"; };
		1DC38EA028D23F930061299E /* MovieViewerController.swift */ = {isa = PBXFileReference; lastKnownFileType = sourcecode.swift; path = MovieViewerController.swift; sourceTree = "<group>"; };
		1DC38EA328D23F930061299E /* Base */ = {isa = PBXFileReference; lastKnownFileType = file.storyboard; name = Base; path = Base.lproj/Main.storyboard; sourceTree = "<group>"; };
		1DC38EA528D23F940061299E /* Assets.xcassets */ = {isa = PBXFileReference; lastKnownFileType = folder.assetcatalog; path = Assets.xcassets; sourceTree = "<group>"; };
		1DC38EA828D23F940061299E /* Base */ = {isa = PBXFileReference; lastKnownFileType = file.storyboard; name = Base; path = Base.lproj/LaunchScreen.storyboard; sourceTree = "<group>"; };
		1DC38EAA28D23F940061299E /* Info.plist */ = {isa = PBXFileReference; lastKnownFileType = text.plist.xml; path = Info.plist; sourceTree = "<group>"; };
		1DC38EAF28D23F950061299E /* FlixirTests.xctest */ = {isa = PBXFileReference; explicitFileType = wrapper.cfbundle; includeInIndex = 0; path = FlixirTests.xctest; sourceTree = BUILT_PRODUCTS_DIR; };
		1DC38EB328D23F950061299E /* FlixirTests.swift */ = {isa = PBXFileReference; lastKnownFileType = sourcecode.swift; path = FlixirTests.swift; sourceTree = "<group>"; };
		1DC38EB928D23F950061299E /* FlixirUITests.xctest */ = {isa = PBXFileReference; explicitFileType = wrapper.cfbundle; includeInIndex = 0; path = FlixirUITests.xctest; sourceTree = BUILT_PRODUCTS_DIR; };
		1DC38EBD28D23F950061299E /* FlixirUITests.swift */ = {isa = PBXFileReference; lastKnownFileType = sourcecode.swift; path = FlixirUITests.swift; sourceTree = "<group>"; };
		1DC38EBF28D23F950061299E /* FlixirUITestsLaunchTests.swift */ = {isa = PBXFileReference; lastKnownFileType = sourcecode.swift; path = FlixirUITestsLaunchTests.swift; sourceTree = "<group>"; };
		21AC7679D92D47F686A368C0 /* Pods-Flixir-FlixirUITests.debug.xcconfig */ = {isa = PBXFileReference; includeInIndex = 1; lastKnownFileType = text.xcconfig; name = "Pods-Flixir-FlixirUITests.debug.xcconfig"; path = "Target Support Files/Pods-Flixir-FlixirUITests/Pods-Flixir-FlixirUITests.debug.xcconfig"; sourceTree = "<group>"; };
		58EE823876F9AD3C5B59CB4F /* Pods_FlixirUITests.framework */ = {isa = PBXFileReference; explicitFileType = wrapper.framework; includeInIndex = 0; path = Pods_FlixirUITests.framework; sourceTree = BUILT_PRODUCTS_DIR; };
		736B6BCE6A9D15B8C628C902 /* Pods-FlixirUITests.release.xcconfig */ = {isa = PBXFileReference; includeInIndex = 1; lastKnownFileType = text.xcconfig; name = "Pods-FlixirUITests.release.xcconfig"; path = "Target Support Files/Pods-FlixirUITests/Pods-FlixirUITests.release.xcconfig"; sourceTree = "<group>"; };
		76C6A865BEE288274CE7D274 /* Pods-FlixirUITests.debug.xcconfig */ = {isa = PBXFileReference; includeInIndex = 1; lastKnownFileType = text.xcconfig; name = "Pods-FlixirUITests.debug.xcconfig"; path = "Target Support Files/Pods-FlixirUITests/Pods-FlixirUITests.debug.xcconfig"; sourceTree = "<group>"; };
		A868FB0CC6662DDDD70D8FBD /* Pods_FlixirTests.framework */ = {isa = PBXFileReference; explicitFileType = wrapper.framework; includeInIndex = 0; path = Pods_FlixirTests.framework; sourceTree = BUILT_PRODUCTS_DIR; };
		C477041646A6D2528B097C29 /* Pods-FlixirTests.release.xcconfig */ = {isa = PBXFileReference; includeInIndex = 1; lastKnownFileType = text.xcconfig; name = "Pods-FlixirTests.release.xcconfig"; path = "Target Support Files/Pods-FlixirTests/Pods-FlixirTests.release.xcconfig"; sourceTree = "<group>"; };
		D55C79B1C88EA1B39D675B0D /* Pods-Flixir-FlixirUITests.release.xcconfig */ = {isa = PBXFileReference; includeInIndex = 1; lastKnownFileType = text.xcconfig; name = "Pods-Flixir-FlixirUITests.release.xcconfig"; path = "Target Support Files/Pods-Flixir-FlixirUITests/Pods-Flixir-FlixirUITests.release.xcconfig"; sourceTree = "<group>"; };
		DE270903D77FDFFFDD242D2C /* Pods-Flixir.release.xcconfig */ = {isa = PBXFileReference; includeInIndex = 1; lastKnownFileType = text.xcconfig; name = "Pods-Flixir.release.xcconfig"; path = "Target Support Files/Pods-Flixir/Pods-Flixir.release.xcconfig"; sourceTree = "<group>"; };
		E8634BEC728EABA09331A897 /* Pods-Flixir.debug.xcconfig */ = {isa = PBXFileReference; includeInIndex = 1; lastKnownFileType = text.xcconfig; name = "Pods-Flixir.debug.xcconfig"; path = "Target Support Files/Pods-Flixir/Pods-Flixir.debug.xcconfig"; sourceTree = "<group>"; };
		EDAD7DFA9AA4F231E3FFD5C9 /* Pods-FlixirTests.debug.xcconfig */ = {isa = PBXFileReference; includeInIndex = 1; lastKnownFileType = text.xcconfig; name = "Pods-FlixirTests.debug.xcconfig"; path = "Target Support Files/Pods-FlixirTests/Pods-FlixirTests.debug.xcconfig"; sourceTree = "<group>"; };
		FD79125B907D887047605B98 /* Pods_Flixir.framework */ = {isa = PBXFileReference; explicitFileType = wrapper.framework; includeInIndex = 0; path = Pods_Flixir.framework; sourceTree = BUILT_PRODUCTS_DIR; };
/* End PBXFileReference section */

/* Begin PBXFrameworksBuildPhase section */
		1DC38E9628D23F930061299E /* Frameworks */ = {
			isa = PBXFrameworksBuildPhase;
			buildActionMask = 2147483647;
			files = (
				1DC38ED028D283AC0061299E /* AlamofireImage in Frameworks */,
				0E3E4EC059E5CA04F9347C61 /* Pods_Flixir.framework in Frameworks */,
			);
			runOnlyForDeploymentPostprocessing = 0;
		};
		1DC38EAC28D23F950061299E /* Frameworks */ = {
			isa = PBXFrameworksBuildPhase;
			buildActionMask = 2147483647;
			files = (
				EF6B5DECB63D47B49670FD4C /* Pods_FlixirTests.framework in Frameworks */,
			);
			runOnlyForDeploymentPostprocessing = 0;
		};
		1DC38EB628D23F950061299E /* Frameworks */ = {
			isa = PBXFrameworksBuildPhase;
			buildActionMask = 2147483647;
			files = (
				DE2827C0BAA3923048317668 /* Pods_FlixirUITests.framework in Frameworks */,
			);
			runOnlyForDeploymentPostprocessing = 0;
		};
/* End PBXFrameworksBuildPhase section */

/* Begin PBXGroup section */
		03660088EA9F38519F99EF35 /* Frameworks */ = {
			isa = PBXGroup;
			children = (
				FD79125B907D887047605B98 /* Pods_Flixir.framework */,
				A868FB0CC6662DDDD70D8FBD /* Pods_FlixirTests.framework */,
				58EE823876F9AD3C5B59CB4F /* Pods_FlixirUITests.framework */,
			);
			name = Frameworks;
			sourceTree = "<group>";
		};
		1DC38E9028D23F930061299E = {
			isa = PBXGroup;
			children = (
				1DC38E9B28D23F930061299E /* Flixir */,
				1DC38EB228D23F950061299E /* FlixirTests */,
				1DC38EBC28D23F950061299E /* FlixirUITests */,
				1DC38E9A28D23F930061299E /* Products */,
				CD5B5A134C2B8DE3D3E34661 /* Pods */,
				03660088EA9F38519F99EF35 /* Frameworks */,
			);
			sourceTree = "<group>";
		};
		1DC38E9A28D23F930061299E /* Products */ = {
			isa = PBXGroup;
			children = (
				1DC38E9928D23F930061299E /* Flixir.app */,
				1DC38EAF28D23F950061299E /* FlixirTests.xctest */,
				1DC38EB928D23F950061299E /* FlixirUITests.xctest */,
			);
			name = Products;
			sourceTree = "<group>";
		};
		1DC38E9B28D23F930061299E /* Flixir */ = {
			isa = PBXGroup;
			children = (
				1DC38E9C28D23F930061299E /* AppDelegate.swift */,
				1D2A89F528D4DC4A00555BA5 /* MovieCell.swift */,
				1DC38E9E28D23F930061299E /* SceneDelegate.swift */,
				1DC38EA028D23F930061299E /* MovieViewerController.swift */,
				1DC38EA228D23F930061299E /* Main.storyboard */,
				1D777E5B28DAC11300066937 /* MovieGridViewController.swift */,
				1D777E5928DA6EB100066937 /* MovieDetailsViewController.swift */,
				1DC38EA528D23F940061299E /* Assets.xcassets */,
				1DC38EA728D23F940061299E /* LaunchScreen.storyboard */,
				1DC38EAA28D23F940061299E /* Info.plist */,
				1D777E5D28DB820600066937 /* MovieGridCell.swift */,
			);
			path = Flixir;
			sourceTree = "<group>";
		};
		1DC38EB228D23F950061299E /* FlixirTests */ = {
			isa = PBXGroup;
			children = (
				1DC38EB328D23F950061299E /* FlixirTests.swift */,
			);
			path = FlixirTests;
			sourceTree = "<group>";
		};
		1DC38EBC28D23F950061299E /* FlixirUITests */ = {
			isa = PBXGroup;
			children = (
				1DC38EBD28D23F950061299E /* FlixirUITests.swift */,
				1DC38EBF28D23F950061299E /* FlixirUITestsLaunchTests.swift */,
			);
			path = FlixirUITests;
			sourceTree = "<group>";
		};
		CD5B5A134C2B8DE3D3E34661 /* Pods */ = {
			isa = PBXGroup;
			children = (
				E8634BEC728EABA09331A897 /* Pods-Flixir.debug.xcconfig */,
				DE270903D77FDFFFDD242D2C /* Pods-Flixir.release.xcconfig */,
				21AC7679D92D47F686A368C0 /* Pods-Flixir-FlixirUITests.debug.xcconfig */,
				D55C79B1C88EA1B39D675B0D /* Pods-Flixir-FlixirUITests.release.xcconfig */,
				EDAD7DFA9AA4F231E3FFD5C9 /* Pods-FlixirTests.debug.xcconfig */,
				C477041646A6D2528B097C29 /* Pods-FlixirTests.release.xcconfig */,
				76C6A865BEE288274CE7D274 /* Pods-FlixirUITests.debug.xcconfig */,
				736B6BCE6A9D15B8C628C902 /* Pods-FlixirUITests.release.xcconfig */,
			);
			path = Pods;
			sourceTree = "<group>";
		};
/* End PBXGroup section */

/* Begin PBXNativeTarget section */
		1DC38E9828D23F930061299E /* Flixir */ = {
			isa = PBXNativeTarget;
			buildConfigurationList = 1DC38EC328D23F950061299E /* Build configuration list for PBXNativeTarget "Flixir" */;
			buildPhases = (
				FA5546385C8728B27A9B7B4C /* [CP] Check Pods Manifest.lock */,
				1DC38E9528D23F930061299E /* Sources */,
				1DC38E9628D23F930061299E /* Frameworks */,
				1DC38E9728D23F930061299E /* Resources */,
				FC39A2BD5C679DD68DCFF27B /* [CP] Embed Pods Frameworks */,
			);
			buildRules = (
			);
			dependencies = (
			);
			name = Flixir;
			packageProductDependencies = (
				1DC38ECF28D283AC0061299E /* AlamofireImage */,
			);
			productName = Flixir;
			productReference = 1DC38E9928D23F930061299E /* Flixir.app */;
			productType = "com.apple.product-type.application";
		};
		1DC38EAE28D23F950061299E /* FlixirTests */ = {
			isa = PBXNativeTarget;
			buildConfigurationList = 1DC38EC628D23F950061299E /* Build configuration list for PBXNativeTarget "FlixirTests" */;
			buildPhases = (
				B2A5B0589F525B5B012B1823 /* [CP] Check Pods Manifest.lock */,
				1DC38EAB28D23F950061299E /* Sources */,
				1DC38EAC28D23F950061299E /* Frameworks */,
				1DC38EAD28D23F950061299E /* Resources */,
			);
			buildRules = (
			);
			dependencies = (
				1DC38EB128D23F950061299E /* PBXTargetDependency */,
			);
			name = FlixirTests;
			productName = FlixirTests;
			productReference = 1DC38EAF28D23F950061299E /* FlixirTests.xctest */;
			productType = "com.apple.product-type.bundle.unit-test";
		};
		1DC38EB828D23F950061299E /* FlixirUITests */ = {
			isa = PBXNativeTarget;
			buildConfigurationList = 1DC38EC928D23F950061299E /* Build configuration list for PBXNativeTarget "FlixirUITests" */;
			buildPhases = (
				4B269C4000DD90530EDC71E2 /* [CP] Check Pods Manifest.lock */,
				1DC38EB528D23F950061299E /* Sources */,
				1DC38EB628D23F950061299E /* Frameworks */,
				1DC38EB728D23F950061299E /* Resources */,
			);
			buildRules = (
			);
			dependencies = (
				1DC38EBB28D23F950061299E /* PBXTargetDependency */,
			);
			name = FlixirUITests;
			productName = FlixirUITests;
			productReference = 1DC38EB928D23F950061299E /* FlixirUITests.xctest */;
			productType = "com.apple.product-type.bundle.ui-testing";
		};
/* End PBXNativeTarget section */

/* Begin PBXProject section */
		1DC38E9128D23F930061299E /* Project object */ = {
			isa = PBXProject;
			attributes = {
				BuildIndependentTargetsInParallel = 1;
				LastSwiftUpdateCheck = 1340;
				LastUpgradeCheck = 1340;
				TargetAttributes = {
					1DC38E9828D23F930061299E = {
						CreatedOnToolsVersion = 13.4.1;
					};
					1DC38EAE28D23F950061299E = {
						CreatedOnToolsVersion = 13.4.1;
						TestTargetID = 1DC38E9828D23F930061299E;
					};
					1DC38EB828D23F950061299E = {
						CreatedOnToolsVersion = 13.4.1;
						TestTargetID = 1DC38E9828D23F930061299E;
					};
				};
			};
			buildConfigurationList = 1DC38E9428D23F930061299E /* Build configuration list for PBXProject "Flixir" */;
			compatibilityVersion = "Xcode 13.0";
			developmentRegion = en;
			hasScannedForEncodings = 0;
			knownRegions = (
				en,
				Base,
			);
			mainGroup = 1DC38E9028D23F930061299E;
			packageReferences = (
				1DC38ECE28D283AC0061299E /* XCRemoteSwiftPackageReference "AlamofireImage" */,
			);
			productRefGroup = 1DC38E9A28D23F930061299E /* Products */;
			projectDirPath = "";
			projectRoot = "";
			targets = (
				1DC38E9828D23F930061299E /* Flixir */,
				1DC38EAE28D23F950061299E /* FlixirTests */,
				1DC38EB828D23F950061299E /* FlixirUITests */,
			);
		};
/* End PBXProject section */

/* Begin PBXResourcesBuildPhase section */
		1DC38E9728D23F930061299E /* Resources */ = {
			isa = PBXResourcesBuildPhase;
			buildActionMask = 2147483647;
			files = (
				1DC38EA928D23F940061299E /* LaunchScreen.storyboard in Resources */,
				1DC38EA628D23F940061299E /* Assets.xcassets in Resources */,
				1DC38EA428D23F930061299E /* Main.storyboard in Resources */,
			);
			runOnlyForDeploymentPostprocessing = 0;
		};
		1DC38EAD28D23F950061299E /* Resources */ = {
			isa = PBXResourcesBuildPhase;
			buildActionMask = 2147483647;
			files = (
			);
			runOnlyForDeploymentPostprocessing = 0;
		};
		1DC38EB728D23F950061299E /* Resources */ = {
			isa = PBXResourcesBuildPhase;
			buildActionMask = 2147483647;
			files = (
			);
			runOnlyForDeploymentPostprocessing = 0;
		};
/* End PBXResourcesBuildPhase section */

/* Begin PBXShellScriptBuildPhase section */
		4B269C4000DD90530EDC71E2 /* [CP] Check Pods Manifest.lock */ = {
			isa = PBXShellScriptBuildPhase;
			buildActionMask = 2147483647;
			files = (
			);
			inputFileListPaths = (
			);
			inputPaths = (
				"${PODS_PODFILE_DIR_PATH}/Podfile.lock",
				"${PODS_ROOT}/Manifest.lock",
			);
			name = "[CP] Check Pods Manifest.lock";
			outputFileListPaths = (
			);
			outputPaths = (
				"$(DERIVED_FILE_DIR)/Pods-FlixirUITests-checkManifestLockResult.txt",
			);
			runOnlyForDeploymentPostprocessing = 0;
			shellPath = /bin/sh;
			shellScript = "diff \"${PODS_PODFILE_DIR_PATH}/Podfile.lock\" \"${PODS_ROOT}/Manifest.lock\" > /dev/null\nif [ $? != 0 ] ; then\n    # print error to STDERR\n    echo \"error: The sandbox is not in sync with the Podfile.lock. Run 'pod install' or update your CocoaPods installation.\" >&2\n    exit 1\nfi\n# This output is used by Xcode 'outputs' to avoid re-running this script phase.\necho \"SUCCESS\" > \"${SCRIPT_OUTPUT_FILE_0}\"\n";
			showEnvVarsInLog = 0;
		};
		B2A5B0589F525B5B012B1823 /* [CP] Check Pods Manifest.lock */ = {
			isa = PBXShellScriptBuildPhase;
			buildActionMask = 2147483647;
			files = (
			);
			inputFileListPaths = (
			);
			inputPaths = (
				"${PODS_PODFILE_DIR_PATH}/Podfile.lock",
				"${PODS_ROOT}/Manifest.lock",
			);
			name = "[CP] Check Pods Manifest.lock";
			outputFileListPaths = (
			);
			outputPaths = (
				"$(DERIVED_FILE_DIR)/Pods-FlixirTests-checkManifestLockResult.txt",
			);
			runOnlyForDeploymentPostprocessing = 0;
			shellPath = /bin/sh;
			shellScript = "diff \"${PODS_PODFILE_DIR_PATH}/Podfile.lock\" \"${PODS_ROOT}/Manifest.lock\" > /dev/null\nif [ $? != 0 ] ; then\n    # print error to STDERR\n    echo \"error: The sandbox is not in sync with the Podfile.lock. Run 'pod install' or update your CocoaPods installation.\" >&2\n    exit 1\nfi\n# This output is used by Xcode 'outputs' to avoid re-running this script phase.\necho \"SUCCESS\" > \"${SCRIPT_OUTPUT_FILE_0}\"\n";
			showEnvVarsInLog = 0;
		};
		FA5546385C8728B27A9B7B4C /* [CP] Check Pods Manifest.lock */ = {
			isa = PBXShellScriptBuildPhase;
			buildActionMask = 2147483647;
			files = (
			);
			inputFileListPaths = (
			);
			inputPaths = (
				"${PODS_PODFILE_DIR_PATH}/Podfile.lock",
				"${PODS_ROOT}/Manifest.lock",
			);
			name = "[CP] Check Pods Manifest.lock";
			outputFileListPaths = (
			);
			outputPaths = (
				"$(DERIVED_FILE_DIR)/Pods-Flixir-checkManifestLockResult.txt",
			);
			runOnlyForDeploymentPostprocessing = 0;
			shellPath = /bin/sh;
			shellScript = "diff \"${PODS_PODFILE_DIR_PATH}/Podfile.lock\" \"${PODS_ROOT}/Manifest.lock\" > /dev/null\nif [ $? != 0 ] ; then\n    # print error to STDERR\n    echo \"error: The sandbox is not in sync with the Podfile.lock. Run 'pod install' or update your CocoaPods installation.\" >&2\n    exit 1\nfi\n# This output is used by Xcode 'outputs' to avoid re-running this script phase.\necho \"SUCCESS\" > \"${SCRIPT_OUTPUT_FILE_0}\"\n";
			showEnvVarsInLog = 0;
		};
		FC39A2BD5C679DD68DCFF27B /* [CP] Embed Pods Frameworks */ = {
			isa = PBXShellScriptBuildPhase;
			buildActionMask = 2147483647;
			files = (
			);
			inputFileListPaths = (
				"${PODS_ROOT}/Target Support Files/Pods-Flixir/Pods-Flixir-frameworks-${CONFIGURATION}-input-files.xcfilelist",
			);
			name = "[CP] Embed Pods Frameworks";
			outputFileListPaths = (
				"${PODS_ROOT}/Target Support Files/Pods-Flixir/Pods-Flixir-frameworks-${CONFIGURATION}-output-files.xcfilelist",
			);
			runOnlyForDeploymentPostprocessing = 0;
			shellPath = /bin/sh;
			shellScript = "\"${PODS_ROOT}/Target Support Files/Pods-Flixir/Pods-Flixir-frameworks.sh\"\n";
			showEnvVarsInLog = 0;
		};
/* End PBXShellScriptBuildPhase section */

/* Begin PBXSourcesBuildPhase section */
		1DC38E9528D23F930061299E /* Sources */ = {
			isa = PBXSourcesBuildPhase;
			buildActionMask = 2147483647;
			files = (
				1D777E5A28DA6EB100066937 /* MovieDetailsViewController.swift in Sources */,
				1DC38EA128D23F930061299E /* MovieViewerController.swift in Sources */,
				1DC38E9D28D23F930061299E /* AppDelegate.swift in Sources */,
				1D2A89F628D4DC4B00555BA5 /* MovieCell.swift in Sources */,
				1DC38E9F28D23F930061299E /* SceneDelegate.swift in Sources */,
				1D777E5C28DAC11300066937 /* MovieGridViewController.swift in Sources */,
				1D777E5E28DB820600066937 /* MovieGridCell.swift in Sources */,
			);
			runOnlyForDeploymentPostprocessing = 0;
		};
		1DC38EAB28D23F950061299E /* Sources */ = {
			isa = PBXSourcesBuildPhase;
			buildActionMask = 2147483647;
			files = (
				1DC38EB428D23F950061299E /* FlixirTests.swift in Sources */,
			);
			runOnlyForDeploymentPostprocessing = 0;
		};
		1DC38EB528D23F950061299E /* Sources */ = {
			isa = PBXSourcesBuildPhase;
			buildActionMask = 2147483647;
			files = (
				1DC38EC028D23F950061299E /* FlixirUITestsLaunchTests.swift in Sources */,
				1DC38EBE28D23F950061299E /* FlixirUITests.swift in Sources */,
			);
			runOnlyForDeploymentPostprocessing = 0;
		};
/* End PBXSourcesBuildPhase section */

/* Begin PBXTargetDependency section */
		1DC38EB128D23F950061299E /* PBXTargetDependency */ = {
			isa = PBXTargetDependency;
			target = 1DC38E9828D23F930061299E /* Flixir */;
			targetProxy = 1DC38EB028D23F950061299E /* PBXContainerItemProxy */;
		};
		1DC38EBB28D23F950061299E /* PBXTargetDependency */ = {
			isa = PBXTargetDependency;
			target = 1DC38E9828D23F930061299E /* Flixir */;
			targetProxy = 1DC38EBA28D23F950061299E /* PBXContainerItemProxy */;
		};
/* End PBXTargetDependency section */

/* Begin PBXVariantGroup section */
		1DC38EA228D23F930061299E /* Main.storyboard */ = {
			isa = PBXVariantGroup;
			children = (
				1DC38EA328D23F930061299E /* Base */,
			);
			name = Main.storyboard;
			sourceTree = "<group>";
		};
		1DC38EA728D23F940061299E /* LaunchScreen.storyboard */ = {
			isa = PBXVariantGroup;
			children = (
				1DC38EA828D23F940061299E /* Base */,
			);
			name = LaunchScreen.storyboard;
			sourceTree = "<group>";
		};
/* End PBXVariantGroup section */

/* Begin XCBuildConfiguration section */
		1DC38EC128D23F950061299E /* Debug */ = {
			isa = XCBuildConfiguration;
			buildSettings = {
				ALWAYS_SEARCH_USER_PATHS = NO;
				CLANG_ANALYZER_NONNULL = YES;
				CLANG_ANALYZER_NUMBER_OBJECT_CONVERSION = YES_AGGRESSIVE;
				CLANG_CXX_LANGUAGE_STANDARD = "gnu++17";
				CLANG_ENABLE_MODULES = YES;
				CLANG_ENABLE_OBJC_ARC = YES;
				CLANG_ENABLE_OBJC_WEAK = YES;
				CLANG_WARN_BLOCK_CAPTURE_AUTORELEASING = YES;
				CLANG_WARN_BOOL_CONVERSION = YES;
				CLANG_WARN_COMMA = YES;
				CLANG_WARN_CONSTANT_CONVERSION = YES;
				CLANG_WARN_DEPRECATED_OBJC_IMPLEMENTATIONS = YES;
				CLANG_WARN_DIRECT_OBJC_ISA_USAGE = YES_ERROR;
				CLANG_WARN_DOCUMENTATION_COMMENTS = YES;
				CLANG_WARN_EMPTY_BODY = YES;
				CLANG_WARN_ENUM_CONVERSION = YES;
				CLANG_WARN_INFINITE_RECURSION = YES;
				CLANG_WARN_INT_CONVERSION = YES;
				CLANG_WARN_NON_LITERAL_NULL_CONVERSION = YES;
				CLANG_WARN_OBJC_IMPLICIT_RETAIN_SELF = YES;
				CLANG_WARN_OBJC_LITERAL_CONVERSION = YES;
				CLANG_WARN_OBJC_ROOT_CLASS = YES_ERROR;
				CLANG_WARN_QUOTED_INCLUDE_IN_FRAMEWORK_HEADER = YES;
				CLANG_WARN_RANGE_LOOP_ANALYSIS = YES;
				CLANG_WARN_STRICT_PROTOTYPES = YES;
				CLANG_WARN_SUSPICIOUS_MOVE = YES;
				CLANG_WARN_UNGUARDED_AVAILABILITY = YES_AGGRESSIVE;
				CLANG_WARN_UNREACHABLE_CODE = YES;
				CLANG_WARN__DUPLICATE_METHOD_MATCH = YES;
				COPY_PHASE_STRIP = NO;
				DEBUG_INFORMATION_FORMAT = dwarf;
				ENABLE_STRICT_OBJC_MSGSEND = YES;
				ENABLE_TESTABILITY = YES;
				GCC_C_LANGUAGE_STANDARD = gnu11;
				GCC_DYNAMIC_NO_PIC = NO;
				GCC_NO_COMMON_BLOCKS = YES;
				GCC_OPTIMIZATION_LEVEL = 0;
				GCC_PREPROCESSOR_DEFINITIONS = (
					"DEBUG=1",
					"$(inherited)",
				);
				GCC_WARN_64_TO_32_BIT_CONVERSION = YES;
				GCC_WARN_ABOUT_RETURN_TYPE = YES_ERROR;
				GCC_WARN_UNDECLARED_SELECTOR = YES;
				GCC_WARN_UNINITIALIZED_AUTOS = YES_AGGRESSIVE;
				GCC_WARN_UNUSED_FUNCTION = YES;
				GCC_WARN_UNUSED_VARIABLE = YES;
				IPHONEOS_DEPLOYMENT_TARGET = 15.5;
				MTL_ENABLE_DEBUG_INFO = INCLUDE_SOURCE;
				MTL_FAST_MATH = YES;
				ONLY_ACTIVE_ARCH = YES;
				SDKROOT = iphoneos;
				SWIFT_ACTIVE_COMPILATION_CONDITIONS = DEBUG;
				SWIFT_OPTIMIZATION_LEVEL = "-Onone";
			};
			name = Debug;
		};
		1DC38EC228D23F950061299E /* Release */ = {
			isa = XCBuildConfiguration;
			buildSettings = {
				ALWAYS_SEARCH_USER_PATHS = NO;
				CLANG_ANALYZER_NONNULL = YES;
				CLANG_ANALYZER_NUMBER_OBJECT_CONVERSION = YES_AGGRESSIVE;
				CLANG_CXX_LANGUAGE_STANDARD = "gnu++17";
				CLANG_ENABLE_MODULES = YES;
				CLANG_ENABLE_OBJC_ARC = YES;
				CLANG_ENABLE_OBJC_WEAK = YES;
				CLANG_WARN_BLOCK_CAPTURE_AUTORELEASING = YES;
				CLANG_WARN_BOOL_CONVERSION = YES;
				CLANG_WARN_COMMA = YES;
				CLANG_WARN_CONSTANT_CONVERSION = YES;
				CLANG_WARN_DEPRECATED_OBJC_IMPLEMENTATIONS = YES;
				CLANG_WARN_DIRECT_OBJC_ISA_USAGE = YES_ERROR;
				CLANG_WARN_DOCUMENTATION_COMMENTS = YES;
				CLANG_WARN_EMPTY_BODY = YES;
				CLANG_WARN_ENUM_CONVERSION = YES;
				CLANG_WARN_INFINITE_RECURSION = YES;
				CLANG_WARN_INT_CONVERSION = YES;
				CLANG_WARN_NON_LITERAL_NULL_CONVERSION = YES;
				CLANG_WARN_OBJC_IMPLICIT_RETAIN_SELF = YES;
				CLANG_WARN_OBJC_LITERAL_CONVERSION = YES;
				CLANG_WARN_OBJC_ROOT_CLASS = YES_ERROR;
				CLANG_WARN_QUOTED_INCLUDE_IN_FRAMEWORK_HEADER = YES;
				CLANG_WARN_RANGE_LOOP_ANALYSIS = YES;
				CLANG_WARN_STRICT_PROTOTYPES = YES;
				CLANG_WARN_SUSPICIOUS_MOVE = YES;
				CLANG_WARN_UNGUARDED_AVAILABILITY = YES_AGGRESSIVE;
				CLANG_WARN_UNREACHABLE_CODE = YES;
				CLANG_WARN__DUPLICATE_METHOD_MATCH = YES;
				COPY_PHASE_STRIP = NO;
				DEBUG_INFORMATION_FORMAT = "dwarf-with-dsym";
				ENABLE_NS_ASSERTIONS = NO;
				ENABLE_STRICT_OBJC_MSGSEND = YES;
				GCC_C_LANGUAGE_STANDARD = gnu11;
				GCC_NO_COMMON_BLOCKS = YES;
				GCC_WARN_64_TO_32_BIT_CONVERSION = YES;
				GCC_WARN_ABOUT_RETURN_TYPE = YES_ERROR;
				GCC_WARN_UNDECLARED_SELECTOR = YES;
				GCC_WARN_UNINITIALIZED_AUTOS = YES_AGGRESSIVE;
				GCC_WARN_UNUSED_FUNCTION = YES;
				GCC_WARN_UNUSED_VARIABLE = YES;
				IPHONEOS_DEPLOYMENT_TARGET = 15.5;
				MTL_ENABLE_DEBUG_INFO = NO;
				MTL_FAST_MATH = YES;
				SDKROOT = iphoneos;
				SWIFT_COMPILATION_MODE = wholemodule;
				SWIFT_OPTIMIZATION_LEVEL = "-O";
				VALIDATE_PRODUCT = YES;
			};
			name = Release;
		};
		1DC38EC428D23F950061299E /* Debug */ = {
			isa = XCBuildConfiguration;
			baseConfigurationReference = E8634BEC728EABA09331A897 /* Pods-Flixir.debug.xcconfig */;
			buildSettings = {
				ALWAYS_EMBED_SWIFT_STANDARD_LIBRARIES = "$(inherited)";
				ALWAYS_SEARCH_USER_PATHS = YES;
				ASSETCATALOG_COMPILER_APPICON_NAME = AppIcon;
				ASSETCATALOG_COMPILER_GLOBAL_ACCENT_COLOR_NAME = AccentColor;
				CODE_SIGN_STYLE = Automatic;
				CURRENT_PROJECT_VERSION = 1;
				DEVELOPMENT_TEAM = B9UPU8TWDV;
				GENERATE_INFOPLIST_FILE = YES;
				INFOPLIST_FILE = Flixir/Info.plist;
				INFOPLIST_KEY_CFBundleDisplayName = Flixir;
				INFOPLIST_KEY_UIApplicationSupportsIndirectInputEvents = YES;
				INFOPLIST_KEY_UILaunchStoryboardName = LaunchScreen;
				INFOPLIST_KEY_UIMainStoryboardFile = Main;
				INFOPLIST_KEY_UISupportedInterfaceOrientations_iPad = "UIInterfaceOrientationPortrait UIInterfaceOrientationPortraitUpsideDown UIInterfaceOrientationLandscapeLeft UIInterfaceOrientationLandscapeRight";
				INFOPLIST_KEY_UISupportedInterfaceOrientations_iPhone = "UIInterfaceOrientationPortrait UIInterfaceOrientationLandscapeLeft UIInterfaceOrientationLandscapeRight";
				LD_RUNPATH_SEARCH_PATHS = (
					"$(inherited)",
					"@executable_path/Frameworks",
				);
				MARKETING_VERSION = 1.0;
				PRODUCT_BUNDLE_IDENTIFIER = com.trishtruong.Flixir;
				PRODUCT_NAME = "$(TARGET_NAME)";
				SWIFT_EMIT_LOC_STRINGS = YES;
				SWIFT_VERSION = 5.0;
				TARGETED_DEVICE_FAMILY = "1,2";
				VALIDATE_PRODUCT = YES;
			};
			name = Debug;
		};
		1DC38EC528D23F950061299E /* Release */ = {
			isa = XCBuildConfiguration;
			baseConfigurationReference = DE270903D77FDFFFDD242D2C /* Pods-Flixir.release.xcconfig */;
			buildSettings = {
				ALWAYS_EMBED_SWIFT_STANDARD_LIBRARIES = "$(inherited)";
				ALWAYS_SEARCH_USER_PATHS = YES;
				ASSETCATALOG_COMPILER_APPICON_NAME = AppIcon;
				ASSETCATALOG_COMPILER_GLOBAL_ACCENT_COLOR_NAME = AccentColor;
				CODE_SIGN_STYLE = Automatic;
				CURRENT_PROJECT_VERSION = 1;
				DEVELOPMENT_TEAM = B9UPU8TWDV;
				GENERATE_INFOPLIST_FILE = YES;
				INFOPLIST_FILE = Flixir/Info.plist;
				INFOPLIST_KEY_CFBundleDisplayName = Flixir;
				INFOPLIST_KEY_UIApplicationSupportsIndirectInputEvents = YES;
				INFOPLIST_KEY_UILaunchStoryboardName = LaunchScreen;
				INFOPLIST_KEY_UIMainStoryboardFile = Main;
				INFOPLIST_KEY_UISupportedInterfaceOrientations_iPad = "UIInterfaceOrientationPortrait UIInterfaceOrientationPortraitUpsideDown UIInterfaceOrientationLandscapeLeft UIInterfaceOrientationLandscapeRight";
				INFOPLIST_KEY_UISupportedInterfaceOrientations_iPhone = "UIInterfaceOrientationPortrait UIInterfaceOrientationLandscapeLeft UIInterfaceOrientationLandscapeRight";
				LD_RUNPATH_SEARCH_PATHS = (
					"$(inherited)",
					"@executable_path/Frameworks",
				);
				MARKETING_VERSION = 1.0;
				PRODUCT_BUNDLE_IDENTIFIER = com.trishtruong.Flixir;
				PRODUCT_NAME = "$(TARGET_NAME)";
				SWIFT_EMIT_LOC_STRINGS = YES;
				SWIFT_VERSION = 5.0;
				TARGETED_DEVICE_FAMILY = "1,2";
			};
			name = Release;
		};
		1DC38EC728D23F950061299E /* Debug */ = {
			isa = XCBuildConfiguration;
			baseConfigurationReference = EDAD7DFA9AA4F231E3FFD5C9 /* Pods-FlixirTests.debug.xcconfig */;
			buildSettings = {
				ALWAYS_EMBED_SWIFT_STANDARD_LIBRARIES = YES;
				BUNDLE_LOADER = "$(TEST_HOST)";
				CODE_SIGN_STYLE = Automatic;
				CURRENT_PROJECT_VERSION = 1;
				DEVELOPMENT_TEAM = B9UPU8TWDV;
				GENERATE_INFOPLIST_FILE = YES;
				IPHONEOS_DEPLOYMENT_TARGET = 15.5;
				MARKETING_VERSION = 1.0;
				PRODUCT_BUNDLE_IDENTIFIER = com.trishtruong.FlixirTests;
				PRODUCT_NAME = "$(TARGET_NAME)";
				SWIFT_EMIT_LOC_STRINGS = NO;
				SWIFT_VERSION = 5.0;
				TARGETED_DEVICE_FAMILY = "1,2";
				TEST_HOST = "$(BUILT_PRODUCTS_DIR)/Flixir.app/Flixir";
			};
			name = Debug;
		};
		1DC38EC828D23F950061299E /* Release */ = {
			isa = XCBuildConfiguration;
			baseConfigurationReference = C477041646A6D2528B097C29 /* Pods-FlixirTests.release.xcconfig */;
			buildSettings = {
				ALWAYS_EMBED_SWIFT_STANDARD_LIBRARIES = YES;
				BUNDLE_LOADER = "$(TEST_HOST)";
				CODE_SIGN_STYLE = Automatic;
				CURRENT_PROJECT_VERSION = 1;
				DEVELOPMENT_TEAM = B9UPU8TWDV;
				GENERATE_INFOPLIST_FILE = YES;
				IPHONEOS_DEPLOYMENT_TARGET = 15.5;
				MARKETING_VERSION = 1.0;
				PRODUCT_BUNDLE_IDENTIFIER = com.trishtruong.FlixirTests;
				PRODUCT_NAME = "$(TARGET_NAME)";
				SWIFT_EMIT_LOC_STRINGS = NO;
				SWIFT_VERSION = 5.0;
				TARGETED_DEVICE_FAMILY = "1,2";
				TEST_HOST = "$(BUILT_PRODUCTS_DIR)/Flixir.app/Flixir";
			};
			name = Release;
		};
		1DC38ECA28D23F950061299E /* Debug */ = {
			isa = XCBuildConfiguration;
			baseConfigurationReference = 76C6A865BEE288274CE7D274 /* Pods-FlixirUITests.debug.xcconfig */;
			buildSettings = {
				ALWAYS_EMBED_SWIFT_STANDARD_LIBRARIES = YES;
				CODE_SIGN_STYLE = Automatic;
				CURRENT_PROJECT_VERSION = 1;
				DEVELOPMENT_TEAM = B9UPU8TWDV;
				GENERATE_INFOPLIST_FILE = YES;
				MARKETING_VERSION = 1.0;
				PRODUCT_BUNDLE_IDENTIFIER = com.trishtruong.FlixirUITests;
				PRODUCT_NAME = "$(TARGET_NAME)";
				SWIFT_EMIT_LOC_STRINGS = NO;
				SWIFT_VERSION = 5.0;
				TARGETED_DEVICE_FAMILY = "1,2";
				TEST_TARGET_NAME = Flixir;
			};
			name = Debug;
		};
		1DC38ECB28D23F950061299E /* Release */ = {
			isa = XCBuildConfiguration;
			baseConfigurationReference = 736B6BCE6A9D15B8C628C902 /* Pods-FlixirUITests.release.xcconfig */;
			buildSettings = {
				ALWAYS_EMBED_SWIFT_STANDARD_LIBRARIES = YES;
				CODE_SIGN_STYLE = Automatic;
				CURRENT_PROJECT_VERSION = 1;
				DEVELOPMENT_TEAM = B9UPU8TWDV;
				GENERATE_INFOPLIST_FILE = YES;
				MARKETING_VERSION = 1.0;
				PRODUCT_BUNDLE_IDENTIFIER = com.trishtruong.FlixirUITests;
				PRODUCT_NAME = "$(TARGET_NAME)";
				SWIFT_EMIT_LOC_STRINGS = NO;
				SWIFT_VERSION = 5.0;
				TARGETED_DEVICE_FAMILY = "1,2";
				TEST_TARGET_NAME = Flixir;
			};
			name = Release;
		};
/* End XCBuildConfiguration section */

/* Begin XCConfigurationList section */
		1DC38E9428D23F930061299E /* Build configuration list for PBXProject "Flixir" */ = {
			isa = XCConfigurationList;
			buildConfigurations = (
				1DC38EC128D23F950061299E /* Debug */,
				1DC38EC228D23F950061299E /* Release */,
			);
			defaultConfigurationIsVisible = 0;
			defaultConfigurationName = Release;
		};
		1DC38EC328D23F950061299E /* Build configuration list for PBXNativeTarget "Flixir" */ = {
			isa = XCConfigurationList;
			buildConfigurations = (
				1DC38EC428D23F950061299E /* Debug */,
				1DC38EC528D23F950061299E /* Release */,
			);
			defaultConfigurationIsVisible = 0;
			defaultConfigurationName = Release;
		};
		1DC38EC628D23F950061299E /* Build configuration list for PBXNativeTarget "FlixirTests" */ = {
			isa = XCConfigurationList;
			buildConfigurations = (
				1DC38EC728D23F950061299E /* Debug */,
				1DC38EC828D23F950061299E /* Release */,
			);
			defaultConfigurationIsVisible = 0;
			defaultConfigurationName = Release;
		};
		1DC38EC928D23F950061299E /* Build configuration list for PBXNativeTarget "FlixirUITests" */ = {
			isa = XCConfigurationList;
			buildConfigurations = (
				1DC38ECA28D23F950061299E /* Debug */,
				1DC38ECB28D23F950061299E /* Release */,
			);
			defaultConfigurationIsVisible = 0;
			defaultConfigurationName = Release;
		};
/* End XCConfigurationList section */

/* Begin XCRemoteSwiftPackageReference section */
		1DC38ECE28D283AC0061299E /* XCRemoteSwiftPackageReference "AlamofireImage" */ = {
			isa = XCRemoteSwiftPackageReference;
			repositoryURL = "https://github.com/Alamofire/AlamofireImage";
			requirement = {
				kind = upToNextMajorVersion;
				minimumVersion = 4.0.0;
			};
		};
/* End XCRemoteSwiftPackageReference section */

/* Begin XCSwiftPackageProductDependency section */
		1DC38ECF28D283AC0061299E /* AlamofireImage */ = {
			isa = XCSwiftPackageProductDependency;
			package = 1DC38ECE28D283AC0061299E /* XCRemoteSwiftPackageReference "AlamofireImage" */;
			productName = AlamofireImage;
		};
/* End XCSwiftPackageProductDependency section */
	};
	rootObject = 1DC38E9128D23F930061299E /* Project object */;
}
